// !$*UTF8*$!
{
	archiveVersion = 1;
	classes = {
	};
	objectVersion = 50;
	objects = {

/* Begin PBXBuildFile section */
		A11D5169257051F90054E9CF /* EventTagListView.swift in Sources */ = {isa = PBXBuildFile; fileRef = A11D5168257051F90054E9CF /* EventTagListView.swift */; };
		A11D516C257052FA0054E9CF /* EventTimeView.swift in Sources */ = {isa = PBXBuildFile; fileRef = A11D516B257052FA0054E9CF /* EventTimeView.swift */; };
		A11D516F257054140054E9CF /* EventPlaceView.swift in Sources */ = {isa = PBXBuildFile; fileRef = A11D516E257054140054E9CF /* EventPlaceView.swift */; };
		A11D5172257054B60054E9CF /* EventNameView.swift in Sources */ = {isa = PBXBuildFile; fileRef = A11D5171257054B60054E9CF /* EventNameView.swift */; };
		A11D517B25705C6A0054E9CF /* EventHeaderItemView.swift in Sources */ = {isa = PBXBuildFile; fileRef = A11D517A25705C6A0054E9CF /* EventHeaderItemView.swift */; };
		A12549D0256F17DF00AB04D4 /* RegionDayListView.swift in Sources */ = {isa = PBXBuildFile; fileRef = A12549CF256F17DF00AB04D4 /* RegionDayListView.swift */; };
		A12549D3256F27E200AB04D4 /* FilterInfoView.swift in Sources */ = {isa = PBXBuildFile; fileRef = A12549D2256F27E200AB04D4 /* FilterInfoView.swift */; };
		A1321A182552BCDD000016B8 /* EventsView.swift in Sources */ = {isa = PBXBuildFile; fileRef = A1321A172552BCDD000016B8 /* EventsView.swift */; };
		A1321A1C2552C0DC000016B8 /* EventService.swift in Sources */ = {isa = PBXBuildFile; fileRef = A1321A1B2552C0DC000016B8 /* EventService.swift */; };
		A1321A202552C342000016B8 /* EventModel.swift in Sources */ = {isa = PBXBuildFile; fileRef = A1321A1F2552C342000016B8 /* EventModel.swift */; };
		A1321A232552C3EB000016B8 /* RegionDayModel.swift in Sources */ = {isa = PBXBuildFile; fileRef = A1321A222552C3EB000016B8 /* RegionDayModel.swift */; };
		A1321A262552C54A000016B8 /* LocationModel.swift in Sources */ = {isa = PBXBuildFile; fileRef = A1321A252552C54A000016B8 /* LocationModel.swift */; };
		A1321A292552DD3E000016B8 /* DetailView.swift in Sources */ = {isa = PBXBuildFile; fileRef = A1321A282552DD3E000016B8 /* DetailView.swift */; };
		A146C84D256EAC04003C2F15 /* RegionListView.swift in Sources */ = {isa = PBXBuildFile; fileRef = A146C84C256EAC04003C2F15 /* RegionListView.swift */; };
		A146C850256EAE34003C2F15 /* HomeTitleView.swift in Sources */ = {isa = PBXBuildFile; fileRef = A146C84F256EAE34003C2F15 /* HomeTitleView.swift */; };
		A146C853256EB4EE003C2F15 /* RegionListItem.swift in Sources */ = {isa = PBXBuildFile; fileRef = A146C852256EB4EE003C2F15 /* RegionListItem.swift */; };
		A1B2361E2552EF9400774259 /* EventRowView.swift in Sources */ = {isa = PBXBuildFile; fileRef = A1B2361D2552EF9400774259 /* EventRowView.swift */; };
		A1B236212552F0B400774259 /* RegionDayRowView.swift in Sources */ = {isa = PBXBuildFile; fileRef = A1B236202552F0B400774259 /* RegionDayRowView.swift */; };
		A1B9060025545D2F0074EABA /* SearchBarView.swift in Sources */ = {isa = PBXBuildFile; fileRef = A1B905FF25545D2F0074EABA /* SearchBarView.swift */; };
		A1E2C5EC255462FD00E88FDD /* CustomTextField.swift in Sources */ = {isa = PBXBuildFile; fileRef = A1E2C5EB255462FD00E88FDD /* CustomTextField.swift */; };
		A1E2C5F32554971E00E88FDD /* CustomNavigationView.swift in Sources */ = {isa = PBXBuildFile; fileRef = A1E2C5F22554971E00E88FDD /* CustomNavigationView.swift */; };
		A1E2C5F62554A25300E88FDD /* FilterView.swift in Sources */ = {isa = PBXBuildFile; fileRef = A1E2C5F52554A25300E88FDD /* FilterView.swift */; };
		A1E2C5F92554A55E00E88FDD /* FilterService.swift in Sources */ = {isa = PBXBuildFile; fileRef = A1E2C5F82554A55E00E88FDD /* FilterService.swift */; };
		A1E2C5FC2554AA3600E88FDD /* TagService.swift in Sources */ = {isa = PBXBuildFile; fileRef = A1E2C5FB2554AA3600E88FDD /* TagService.swift */; };
		A1E49276255306CC002F07BE /* LocationView.swift in Sources */ = {isa = PBXBuildFile; fileRef = A1E49275255306CC002F07BE /* LocationView.swift */; };
		A1E4928625534459002F07BE /* TagView.swift in Sources */ = {isa = PBXBuildFile; fileRef = A1E4928525534459002F07BE /* TagView.swift */; };
		A1E4928D25534BBF002F07BE /* TagModel.swift in Sources */ = {isa = PBXBuildFile; fileRef = A1E4928C25534BBF002F07BE /* TagModel.swift */; };
		A1FA3F552551C4DC00D1F84A /* walauft_iosApp.swift in Sources */ = {isa = PBXBuildFile; fileRef = A1FA3F542551C4DC00D1F84A /* walauft_iosApp.swift */; };
		A1FA3F572551C4DC00D1F84A /* ContentView.swift in Sources */ = {isa = PBXBuildFile; fileRef = A1FA3F562551C4DC00D1F84A /* ContentView.swift */; };
		A1FA3F592551C4DD00D1F84A /* Assets.xcassets in Resources */ = {isa = PBXBuildFile; fileRef = A1FA3F582551C4DD00D1F84A /* Assets.xcassets */; };
		A1FA3F5C2551C4DD00D1F84A /* Preview Assets.xcassets in Resources */ = {isa = PBXBuildFile; fileRef = A1FA3F5B2551C4DD00D1F84A /* Preview Assets.xcassets */; };
		A1FA3F662551C57C00D1F84A /* RegionModel.swift in Sources */ = {isa = PBXBuildFile; fileRef = A1FA3F652551C57C00D1F84A /* RegionModel.swift */; };
		A1FA3F6F2551C63000D1F84A /* HomeView.swift in Sources */ = {isa = PBXBuildFile; fileRef = A1FA3F6E2551C63000D1F84A /* HomeView.swift */; };
/* End PBXBuildFile section */

/* Begin PBXFileReference section */
		A11D5168257051F90054E9CF /* EventTagListView.swift */ = {isa = PBXFileReference; lastKnownFileType = sourcecode.swift; path = EventTagListView.swift; sourceTree = "<group>"; };
		A11D516B257052FA0054E9CF /* EventTimeView.swift */ = {isa = PBXFileReference; lastKnownFileType = sourcecode.swift; path = EventTimeView.swift; sourceTree = "<group>"; };
		A11D516E257054140054E9CF /* EventPlaceView.swift */ = {isa = PBXFileReference; lastKnownFileType = sourcecode.swift; path = EventPlaceView.swift; sourceTree = "<group>"; };
		A11D5171257054B60054E9CF /* EventNameView.swift */ = {isa = PBXFileReference; lastKnownFileType = sourcecode.swift; path = EventNameView.swift; sourceTree = "<group>"; };
		A11D517A25705C6A0054E9CF /* EventHeaderItemView.swift */ = {isa = PBXFileReference; lastKnownFileType = sourcecode.swift; path = EventHeaderItemView.swift; sourceTree = "<group>"; };
		A12549CF256F17DF00AB04D4 /* RegionDayListView.swift */ = {isa = PBXFileReference; lastKnownFileType = sourcecode.swift; path = RegionDayListView.swift; sourceTree = "<group>"; };
		A12549D2256F27E200AB04D4 /* FilterInfoView.swift */ = {isa = PBXFileReference; lastKnownFileType = sourcecode.swift; path = FilterInfoView.swift; sourceTree = "<group>"; };
		A1321A172552BCDD000016B8 /* EventsView.swift */ = {isa = PBXFileReference; lastKnownFileType = sourcecode.swift; path = EventsView.swift; sourceTree = "<group>"; };
		A1321A1B2552C0DC000016B8 /* EventService.swift */ = {isa = PBXFileReference; lastKnownFileType = sourcecode.swift; path = EventService.swift; sourceTree = "<group>"; };
		A1321A1F2552C342000016B8 /* EventModel.swift */ = {isa = PBXFileReference; lastKnownFileType = sourcecode.swift; path = EventModel.swift; sourceTree = "<group>"; };
		A1321A222552C3EB000016B8 /* RegionDayModel.swift */ = {isa = PBXFileReference; lastKnownFileType = sourcecode.swift; path = RegionDayModel.swift; sourceTree = "<group>"; };
		A1321A252552C54A000016B8 /* LocationModel.swift */ = {isa = PBXFileReference; lastKnownFileType = sourcecode.swift; path = LocationModel.swift; sourceTree = "<group>"; };
		A1321A282552DD3E000016B8 /* DetailView.swift */ = {isa = PBXFileReference; lastKnownFileType = sourcecode.swift; path = DetailView.swift; sourceTree = "<group>"; };
		A146C84C256EAC04003C2F15 /* RegionListView.swift */ = {isa = PBXFileReference; lastKnownFileType = sourcecode.swift; path = RegionListView.swift; sourceTree = "<group>"; };
		A146C84F256EAE34003C2F15 /* HomeTitleView.swift */ = {isa = PBXFileReference; lastKnownFileType = sourcecode.swift; path = HomeTitleView.swift; sourceTree = "<group>"; };
		A146C852256EB4EE003C2F15 /* RegionListItem.swift */ = {isa = PBXFileReference; lastKnownFileType = sourcecode.swift; path = RegionListItem.swift; sourceTree = "<group>"; };
		A1B2361D2552EF9400774259 /* EventRowView.swift */ = {isa = PBXFileReference; lastKnownFileType = sourcecode.swift; path = EventRowView.swift; sourceTree = "<group>"; };
		A1B236202552F0B400774259 /* RegionDayRowView.swift */ = {isa = PBXFileReference; lastKnownFileType = sourcecode.swift; path = RegionDayRowView.swift; sourceTree = "<group>"; };
		A1B905FF25545D2F0074EABA /* SearchBarView.swift */ = {isa = PBXFileReference; lastKnownFileType = sourcecode.swift; path = SearchBarView.swift; sourceTree = "<group>"; };
		A1E2C5EB255462FD00E88FDD /* CustomTextField.swift */ = {isa = PBXFileReference; lastKnownFileType = sourcecode.swift; path = CustomTextField.swift; sourceTree = "<group>"; };
		A1E2C5F22554971E00E88FDD /* CustomNavigationView.swift */ = {isa = PBXFileReference; lastKnownFileType = sourcecode.swift; path = CustomNavigationView.swift; sourceTree = "<group>"; };
		A1E2C5F52554A25300E88FDD /* FilterView.swift */ = {isa = PBXFileReference; lastKnownFileType = sourcecode.swift; path = FilterView.swift; sourceTree = "<group>"; };
		A1E2C5F82554A55E00E88FDD /* FilterService.swift */ = {isa = PBXFileReference; lastKnownFileType = sourcecode.swift; path = FilterService.swift; sourceTree = "<group>"; };
		A1E2C5FB2554AA3600E88FDD /* TagService.swift */ = {isa = PBXFileReference; lastKnownFileType = sourcecode.swift; path = TagService.swift; sourceTree = "<group>"; };
		A1E49275255306CC002F07BE /* LocationView.swift */ = {isa = PBXFileReference; lastKnownFileType = sourcecode.swift; path = LocationView.swift; sourceTree = "<group>"; };
		A1E4928525534459002F07BE /* TagView.swift */ = {isa = PBXFileReference; lastKnownFileType = sourcecode.swift; path = TagView.swift; sourceTree = "<group>"; };
		A1E4928C25534BBF002F07BE /* TagModel.swift */ = {isa = PBXFileReference; lastKnownFileType = sourcecode.swift; path = TagModel.swift; sourceTree = "<group>"; };
		A1FA3F512551C4DC00D1F84A /* walauft-ios.app */ = {isa = PBXFileReference; explicitFileType = wrapper.application; includeInIndex = 0; path = "walauft-ios.app"; sourceTree = BUILT_PRODUCTS_DIR; };
		A1FA3F542551C4DC00D1F84A /* walauft_iosApp.swift */ = {isa = PBXFileReference; lastKnownFileType = sourcecode.swift; path = walauft_iosApp.swift; sourceTree = "<group>"; };
		A1FA3F562551C4DC00D1F84A /* ContentView.swift */ = {isa = PBXFileReference; lastKnownFileType = sourcecode.swift; path = ContentView.swift; sourceTree = "<group>"; };
		A1FA3F582551C4DD00D1F84A /* Assets.xcassets */ = {isa = PBXFileReference; lastKnownFileType = folder.assetcatalog; path = Assets.xcassets; sourceTree = "<group>"; };
		A1FA3F5B2551C4DD00D1F84A /* Preview Assets.xcassets */ = {isa = PBXFileReference; lastKnownFileType = folder.assetcatalog; path = "Preview Assets.xcassets"; sourceTree = "<group>"; };
		A1FA3F5D2551C4DD00D1F84A /* Info.plist */ = {isa = PBXFileReference; lastKnownFileType = text.plist.xml; path = Info.plist; sourceTree = "<group>"; };
		A1FA3F652551C57C00D1F84A /* RegionModel.swift */ = {isa = PBXFileReference; lastKnownFileType = sourcecode.swift; path = RegionModel.swift; sourceTree = "<group>"; };
		A1FA3F6E2551C63000D1F84A /* HomeView.swift */ = {isa = PBXFileReference; lastKnownFileType = sourcecode.swift; path = HomeView.swift; sourceTree = "<group>"; };
/* End PBXFileReference section */

/* Begin PBXFrameworksBuildPhase section */
		A1FA3F4E2551C4DC00D1F84A /* Frameworks */ = {
			isa = PBXFrameworksBuildPhase;
			buildActionMask = 2147483647;
			files = (
			);
			runOnlyForDeploymentPostprocessing = 0;
		};
/* End PBXFrameworksBuildPhase section */

/* Begin PBXGroup section */
		A11D5174257055270054E9CF /* event-item */ = {
			isa = PBXGroup;
			children = (
				A11D5168257051F90054E9CF /* EventTagListView.swift */,
				A11D516B257052FA0054E9CF /* EventTimeView.swift */,
				A11D5171257054B60054E9CF /* EventNameView.swift */,
				A11D516E257054140054E9CF /* EventPlaceView.swift */,
				A11D517A25705C6A0054E9CF /* EventHeaderItemView.swift */,
			);
			path = "event-item";
			sourceTree = "<group>";
		};
		A11D5175257055540054E9CF /* home */ = {
			isa = PBXGroup;
			children = (
				A146C852256EB4EE003C2F15 /* RegionListItem.swift */,
				A146C84C256EAC04003C2F15 /* RegionListView.swift */,
				A146C84F256EAE34003C2F15 /* HomeTitleView.swift */,
				A1FA3F6E2551C63000D1F84A /* HomeView.swift */,
			);
			path = home;
			sourceTree = "<group>";
		};
		A11D51762570556D0054E9CF /* events */ = {
			isa = PBXGroup;
			children = (
				A1E4928525534459002F07BE /* TagView.swift */,
				A1321A172552BCDD000016B8 /* EventsView.swift */,
				A1B2361D2552EF9400774259 /* EventRowView.swift */,
				A12549CF256F17DF00AB04D4 /* RegionDayListView.swift */,
				A1B236202552F0B400774259 /* RegionDayRowView.swift */,
				A11D51772570558B0054E9CF /* header */,
				A11D5174257055270054E9CF /* event-item */,
			);
			path = events;
			sourceTree = "<group>";
		};
		A11D51772570558B0054E9CF /* header */ = {
			isa = PBXGroup;
			children = (
				A1B905FF25545D2F0074EABA /* SearchBarView.swift */,
				A12549D2256F27E200AB04D4 /* FilterInfoView.swift */,
				A1E2C5F52554A25300E88FDD /* FilterView.swift */,
			);
			path = header;
			sourceTree = "<group>";
		};
		A11D5178257055E50054E9CF /* details */ = {
			isa = PBXGroup;
			children = (
				A1E49275255306CC002F07BE /* LocationView.swift */,
				A1321A282552DD3E000016B8 /* DetailView.swift */,
			);
			path = details;
			sourceTree = "<group>";
		};
		A1321A1A2552C0BA000016B8 /* services */ = {
			isa = PBXGroup;
			children = (
				A1321A1B2552C0DC000016B8 /* EventService.swift */,
				A1E2C5F82554A55E00E88FDD /* FilterService.swift */,
				A1E2C5FB2554AA3600E88FDD /* TagService.swift */,
			);
			path = services;
			sourceTree = "<group>";
		};
		A1E2C5EA255462E800E88FDD /* components */ = {
			isa = PBXGroup;
			children = (
				A1E2C5F22554971E00E88FDD /* CustomNavigationView.swift */,
				A1E2C5EB255462FD00E88FDD /* CustomTextField.swift */,
			);
			path = components;
			sourceTree = "<group>";
		};
		A1FA3F482551C4DC00D1F84A = {
			isa = PBXGroup;
			children = (
				A1FA3F532551C4DC00D1F84A /* walauft-ios */,
				A1FA3F522551C4DC00D1F84A /* Products */,
			);
			sourceTree = "<group>";
		};
		A1FA3F522551C4DC00D1F84A /* Products */ = {
			isa = PBXGroup;
			children = (
				A1FA3F512551C4DC00D1F84A /* walauft-ios.app */,
			);
			name = Products;
			sourceTree = "<group>";
		};
		A1FA3F532551C4DC00D1F84A /* walauft-ios */ = {
			isa = PBXGroup;
			children = (
				A1E2C5EA255462E800E88FDD /* components */,
				A1321A1A2552C0BA000016B8 /* services */,
				A1FA3F6D2551C61600D1F84A /* views */,
				A1FA3F642551C55700D1F84A /* models */,
				A1FA3F542551C4DC00D1F84A /* walauft_iosApp.swift */,
				A1FA3F562551C4DC00D1F84A /* ContentView.swift */,
				A1FA3F582551C4DD00D1F84A /* Assets.xcassets */,
				A1FA3F5D2551C4DD00D1F84A /* Info.plist */,
				A1FA3F5A2551C4DD00D1F84A /* Preview Content */,
			);
			path = "walauft-ios";
			sourceTree = "<group>";
		};
		A1FA3F5A2551C4DD00D1F84A /* Preview Content */ = {
			isa = PBXGroup;
			children = (
				A1FA3F5B2551C4DD00D1F84A /* Preview Assets.xcassets */,
			);
			path = "Preview Content";
			sourceTree = "<group>";
		};
		A1FA3F642551C55700D1F84A /* models */ = {
			isa = PBXGroup;
			children = (
				A1321A1F2552C342000016B8 /* EventModel.swift */,
				A1321A252552C54A000016B8 /* LocationModel.swift */,
				A1321A222552C3EB000016B8 /* RegionDayModel.swift */,
				A1FA3F652551C57C00D1F84A /* RegionModel.swift */,
				A1E4928C25534BBF002F07BE /* TagModel.swift */,
			);
			path = models;
			sourceTree = "<group>";
		};
		A1FA3F6D2551C61600D1F84A /* views */ = {
			isa = PBXGroup;
			children = (
				A11D5178257055E50054E9CF /* details */,
				A11D51762570556D0054E9CF /* events */,
				A11D5175257055540054E9CF /* home */,
			);
			path = views;
			sourceTree = "<group>";
		};
/* End PBXGroup section */

/* Begin PBXNativeTarget section */
		A1FA3F502551C4DC00D1F84A /* walauft-ios */ = {
			isa = PBXNativeTarget;
			buildConfigurationList = A1FA3F602551C4DD00D1F84A /* Build configuration list for PBXNativeTarget "walauft-ios" */;
			buildPhases = (
				A1FA3F4D2551C4DC00D1F84A /* Sources */,
				A1FA3F4E2551C4DC00D1F84A /* Frameworks */,
				A1FA3F4F2551C4DC00D1F84A /* Resources */,
			);
			buildRules = (
			);
			dependencies = (
			);
			name = "walauft-ios";
			productName = "walauft-ios";
			productReference = A1FA3F512551C4DC00D1F84A /* walauft-ios.app */;
			productType = "com.apple.product-type.application";
		};
/* End PBXNativeTarget section */

/* Begin PBXProject section */
		A1FA3F492551C4DC00D1F84A /* Project object */ = {
			isa = PBXProject;
			attributes = {
				LastSwiftUpdateCheck = 1210;
				LastUpgradeCheck = 1210;
				TargetAttributes = {
					A1FA3F502551C4DC00D1F84A = {
						CreatedOnToolsVersion = 12.1;
					};
				};
			};
			buildConfigurationList = A1FA3F4C2551C4DC00D1F84A /* Build configuration list for PBXProject "walauft-ios" */;
			compatibilityVersion = "Xcode 9.3";
			developmentRegion = en;
			hasScannedForEncodings = 0;
			knownRegions = (
				en,
				Base,
			);
			mainGroup = A1FA3F482551C4DC00D1F84A;
			productRefGroup = A1FA3F522551C4DC00D1F84A /* Products */;
			projectDirPath = "";
			projectRoot = "";
			targets = (
				A1FA3F502551C4DC00D1F84A /* walauft-ios */,
			);
		};
/* End PBXProject section */

/* Begin PBXResourcesBuildPhase section */
		A1FA3F4F2551C4DC00D1F84A /* Resources */ = {
			isa = PBXResourcesBuildPhase;
			buildActionMask = 2147483647;
			files = (
				A1FA3F5C2551C4DD00D1F84A /* Preview Assets.xcassets in Resources */,
				A1FA3F592551C4DD00D1F84A /* Assets.xcassets in Resources */,
			);
			runOnlyForDeploymentPostprocessing = 0;
		};
/* End PBXResourcesBuildPhase section */

/* Begin PBXSourcesBuildPhase section */
		A1FA3F4D2551C4DC00D1F84A /* Sources */ = {
			isa = PBXSourcesBuildPhase;
			buildActionMask = 2147483647;
			files = (
				A146C84D256EAC04003C2F15 /* RegionListView.swift in Sources */,
				A1321A1C2552C0DC000016B8 /* EventService.swift in Sources */,
				A11D5169257051F90054E9CF /* EventTagListView.swift in Sources */,
				A1E2C5F92554A55E00E88FDD /* FilterService.swift in Sources */,
				A1FA3F662551C57C00D1F84A /* RegionModel.swift in Sources */,
				A11D516C257052FA0054E9CF /* EventTimeView.swift in Sources */,
				A1FA3F572551C4DC00D1F84A /* ContentView.swift in Sources */,
				A1E2C5F32554971E00E88FDD /* CustomNavigationView.swift in Sources */,
				A11D517B25705C6A0054E9CF /* EventHeaderItemView.swift in Sources */,
				A1FA3F6F2551C63000D1F84A /* HomeView.swift in Sources */,
				A1E2C5EC255462FD00E88FDD /* CustomTextField.swift in Sources */,
				A1321A262552C54A000016B8 /* LocationModel.swift in Sources */,
				A1321A232552C3EB000016B8 /* RegionDayModel.swift in Sources */,
				A11D5172257054B60054E9CF /* EventNameView.swift in Sources */,
				A1321A292552DD3E000016B8 /* DetailView.swift in Sources */,
				A1B236212552F0B400774259 /* RegionDayRowView.swift in Sources */,
				A12549D0256F17DF00AB04D4 /* RegionDayListView.swift in Sources */,
				A1E2C5FC2554AA3600E88FDD /* TagService.swift in Sources */,
				A146C850256EAE34003C2F15 /* HomeTitleView.swift in Sources */,
				A1E4928D25534BBF002F07BE /* TagModel.swift in Sources */,
				A1FA3F552551C4DC00D1F84A /* walauft_iosApp.swift in Sources */,
				A1321A202552C342000016B8 /* EventModel.swift in Sources */,
				A12549D3256F27E200AB04D4 /* FilterInfoView.swift in Sources */,
				A1B9060025545D2F0074EABA /* SearchBarView.swift in Sources */,
				A11D516F257054140054E9CF /* EventPlaceView.swift in Sources */,
				A1E4928625534459002F07BE /* TagView.swift in Sources */,
				A1E49276255306CC002F07BE /* LocationView.swift in Sources */,
				A1E2C5F62554A25300E88FDD /* FilterView.swift in Sources */,
				A1321A182552BCDD000016B8 /* EventsView.swift in Sources */,
				A146C853256EB4EE003C2F15 /* RegionListItem.swift in Sources */,
				A1B2361E2552EF9400774259 /* EventRowView.swift in Sources */,
			);
			runOnlyForDeploymentPostprocessing = 0;
		};
/* End PBXSourcesBuildPhase section */

/* Begin XCBuildConfiguration section */
		A1FA3F5E2551C4DD00D1F84A /* Debug */ = {
			isa = XCBuildConfiguration;
			buildSettings = {
				ALWAYS_SEARCH_USER_PATHS = NO;
				CLANG_ANALYZER_NONNULL = YES;
				CLANG_ANALYZER_NUMBER_OBJECT_CONVERSION = YES_AGGRESSIVE;
				CLANG_CXX_LANGUAGE_STANDARD = "gnu++14";
				CLANG_CXX_LIBRARY = "libc++";
				CLANG_ENABLE_MODULES = YES;
				CLANG_ENABLE_OBJC_ARC = YES;
				CLANG_ENABLE_OBJC_WEAK = YES;
				CLANG_WARN_BLOCK_CAPTURE_AUTORELEASING = YES;
				CLANG_WARN_BOOL_CONVERSION = YES;
				CLANG_WARN_COMMA = YES;
				CLANG_WARN_CONSTANT_CONVERSION = YES;
				CLANG_WARN_DEPRECATED_OBJC_IMPLEMENTATIONS = YES;
				CLANG_WARN_DIRECT_OBJC_ISA_USAGE = YES_ERROR;
				CLANG_WARN_DOCUMENTATION_COMMENTS = YES;
				CLANG_WARN_EMPTY_BODY = YES;
				CLANG_WARN_ENUM_CONVERSION = YES;
				CLANG_WARN_INFINITE_RECURSION = YES;
				CLANG_WARN_INT_CONVERSION = YES;
				CLANG_WARN_NON_LITERAL_NULL_CONVERSION = YES;
				CLANG_WARN_OBJC_IMPLICIT_RETAIN_SELF = YES;
				CLANG_WARN_OBJC_LITERAL_CONVERSION = YES;
				CLANG_WARN_OBJC_ROOT_CLASS = YES_ERROR;
				CLANG_WARN_QUOTED_INCLUDE_IN_FRAMEWORK_HEADER = YES;
				CLANG_WARN_RANGE_LOOP_ANALYSIS = YES;
				CLANG_WARN_STRICT_PROTOTYPES = YES;
				CLANG_WARN_SUSPICIOUS_MOVE = YES;
				CLANG_WARN_UNGUARDED_AVAILABILITY = YES_AGGRESSIVE;
				CLANG_WARN_UNREACHABLE_CODE = YES;
				CLANG_WARN__DUPLICATE_METHOD_MATCH = YES;
				COPY_PHASE_STRIP = NO;
				DEBUG_INFORMATION_FORMAT = dwarf;
				ENABLE_STRICT_OBJC_MSGSEND = YES;
				ENABLE_TESTABILITY = YES;
				GCC_C_LANGUAGE_STANDARD = gnu11;
				GCC_DYNAMIC_NO_PIC = NO;
				GCC_NO_COMMON_BLOCKS = YES;
				GCC_OPTIMIZATION_LEVEL = 0;
				GCC_PREPROCESSOR_DEFINITIONS = (
					"DEBUG=1",
					"$(inherited)",
				);
				GCC_WARN_64_TO_32_BIT_CONVERSION = YES;
				GCC_WARN_ABOUT_RETURN_TYPE = YES_ERROR;
				GCC_WARN_UNDECLARED_SELECTOR = YES;
				GCC_WARN_UNINITIALIZED_AUTOS = YES_AGGRESSIVE;
				GCC_WARN_UNUSED_FUNCTION = YES;
				GCC_WARN_UNUSED_VARIABLE = YES;
				IPHONEOS_DEPLOYMENT_TARGET = 14.1;
				MTL_ENABLE_DEBUG_INFO = INCLUDE_SOURCE;
				MTL_FAST_MATH = YES;
				ONLY_ACTIVE_ARCH = YES;
				SDKROOT = iphoneos;
				SWIFT_ACTIVE_COMPILATION_CONDITIONS = DEBUG;
				SWIFT_OPTIMIZATION_LEVEL = "-Onone";
			};
			name = Debug;
		};
		A1FA3F5F2551C4DD00D1F84A /* Release */ = {
			isa = XCBuildConfiguration;
			buildSettings = {
				ALWAYS_SEARCH_USER_PATHS = NO;
				CLANG_ANALYZER_NONNULL = YES;
				CLANG_ANALYZER_NUMBER_OBJECT_CONVERSION = YES_AGGRESSIVE;
				CLANG_CXX_LANGUAGE_STANDARD = "gnu++14";
				CLANG_CXX_LIBRARY = "libc++";
				CLANG_ENABLE_MODULES = YES;
				CLANG_ENABLE_OBJC_ARC = YES;
				CLANG_ENABLE_OBJC_WEAK = YES;
				CLANG_WARN_BLOCK_CAPTURE_AUTORELEASING = YES;
				CLANG_WARN_BOOL_CONVERSION = YES;
				CLANG_WARN_COMMA = YES;
				CLANG_WARN_CONSTANT_CONVERSION = YES;
				CLANG_WARN_DEPRECATED_OBJC_IMPLEMENTATIONS = YES;
				CLANG_WARN_DIRECT_OBJC_ISA_USAGE = YES_ERROR;
				CLANG_WARN_DOCUMENTATION_COMMENTS = YES;
				CLANG_WARN_EMPTY_BODY = YES;
				CLANG_WARN_ENUM_CONVERSION = YES;
				CLANG_WARN_INFINITE_RECURSION = YES;
				CLANG_WARN_INT_CONVERSION = YES;
				CLANG_WARN_NON_LITERAL_NULL_CONVERSION = YES;
				CLANG_WARN_OBJC_IMPLICIT_RETAIN_SELF = YES;
				CLANG_WARN_OBJC_LITERAL_CONVERSION = YES;
				CLANG_WARN_OBJC_ROOT_CLASS = YES_ERROR;
				CLANG_WARN_QUOTED_INCLUDE_IN_FRAMEWORK_HEADER = YES;
				CLANG_WARN_RANGE_LOOP_ANALYSIS = YES;
				CLANG_WARN_STRICT_PROTOTYPES = YES;
				CLANG_WARN_SUSPICIOUS_MOVE = YES;
				CLANG_WARN_UNGUARDED_AVAILABILITY = YES_AGGRESSIVE;
				CLANG_WARN_UNREACHABLE_CODE = YES;
				CLANG_WARN__DUPLICATE_METHOD_MATCH = YES;
				COPY_PHASE_STRIP = NO;
				DEBUG_INFORMATION_FORMAT = "dwarf-with-dsym";
				ENABLE_NS_ASSERTIONS = NO;
				ENABLE_STRICT_OBJC_MSGSEND = YES;
				GCC_C_LANGUAGE_STANDARD = gnu11;
				GCC_NO_COMMON_BLOCKS = YES;
				GCC_WARN_64_TO_32_BIT_CONVERSION = YES;
				GCC_WARN_ABOUT_RETURN_TYPE = YES_ERROR;
				GCC_WARN_UNDECLARED_SELECTOR = YES;
				GCC_WARN_UNINITIALIZED_AUTOS = YES_AGGRESSIVE;
				GCC_WARN_UNUSED_FUNCTION = YES;
				GCC_WARN_UNUSED_VARIABLE = YES;
				IPHONEOS_DEPLOYMENT_TARGET = 14.1;
				MTL_ENABLE_DEBUG_INFO = NO;
				MTL_FAST_MATH = YES;
				SDKROOT = iphoneos;
				SWIFT_COMPILATION_MODE = wholemodule;
				SWIFT_OPTIMIZATION_LEVEL = "-O";
				VALIDATE_PRODUCT = YES;
			};
			name = Release;
		};
		A1FA3F612551C4DD00D1F84A /* Debug */ = {
			isa = XCBuildConfiguration;
			buildSettings = {
				ASSETCATALOG_COMPILER_APPICON_NAME = AppIcon;
				ASSETCATALOG_COMPILER_GLOBAL_ACCENT_COLOR_NAME = AccentColor;
				CODE_SIGN_STYLE = Automatic;
				DEVELOPMENT_ASSET_PATHS = "\"walauft-ios/Preview Content\"";
				DEVELOPMENT_TEAM = 2A7SCWFSB6;
				ENABLE_PREVIEWS = YES;
				INFOPLIST_FILE = "walauft-ios/Info.plist";
				IPHONEOS_DEPLOYMENT_TARGET = 14.0;
				LD_RUNPATH_SEARCH_PATHS = (
					"$(inherited)",
					"@executable_path/Frameworks",
				);
				PRODUCT_BUNDLE_IDENTIFIER = "walauft.walauft-ios";
				PRODUCT_NAME = "$(TARGET_NAME)";
				SWIFT_VERSION = 5.0;
				TARGETED_DEVICE_FAMILY = "1,2";
			};
			name = Debug;
		};
		A1FA3F622551C4DD00D1F84A /* Release */ = {
			isa = XCBuildConfiguration;
			buildSettings = {
				ASSETCATALOG_COMPILER_APPICON_NAME = AppIcon;
				ASSETCATALOG_COMPILER_GLOBAL_ACCENT_COLOR_NAME = AccentColor;
				CODE_SIGN_STYLE = Automatic;
				DEVELOPMENT_ASSET_PATHS = "\"walauft-ios/Preview Content\"";
				DEVELOPMENT_TEAM = 2A7SCWFSB6;
				ENABLE_PREVIEWS = YES;
				INFOPLIST_FILE = "walauft-ios/Info.plist";
				IPHONEOS_DEPLOYMENT_TARGET = 14.0;
				LD_RUNPATH_SEARCH_PATHS = (
					"$(inherited)",
					"@executable_path/Frameworks",
				);
				PRODUCT_BUNDLE_IDENTIFIER = "walauft.walauft-ios";
				PRODUCT_NAME = "$(TARGET_NAME)";
				SWIFT_VERSION = 5.0;
				TARGETED_DEVICE_FAMILY = "1,2";
			};
			name = Release;
		};
/* End XCBuildConfiguration section */

/* Begin XCConfigurationList section */
		A1FA3F4C2551C4DC00D1F84A /* Build configuration list for PBXProject "walauft-ios" */ = {
			isa = XCConfigurationList;
			buildConfigurations = (
				A1FA3F5E2551C4DD00D1F84A /* Debug */,
				A1FA3F5F2551C4DD00D1F84A /* Release */,
			);
			defaultConfigurationIsVisible = 0;
			defaultConfigurationName = Release;
		};
		A1FA3F602551C4DD00D1F84A /* Build configuration list for PBXNativeTarget "walauft-ios" */ = {
			isa = XCConfigurationList;
			buildConfigurations = (
				A1FA3F612551C4DD00D1F84A /* Debug */,
				A1FA3F622551C4DD00D1F84A /* Release */,
			);
			defaultConfigurationIsVisible = 0;
			defaultConfigurationName = Release;
		};
/* End XCConfigurationList section */
	};
	rootObject = A1FA3F492551C4DC00D1F84A /* Project object */;
}
